<?xml version="1.0" encoding="utf-8"?>
<Project ToolsVersion="4.0" xmlns="http://schemas.microsoft.com/developer/msbuild/2003">
  <ItemGroup>
    <Filter Include="Fichiers sources">
      <UniqueIdentifier>{4FC737F1-C7A5-4376-A066-2A32D752A2FF}</UniqueIdentifier>
      <Extensions>cpp;c;cc;cxx;c++;cppm;ixx;def;odl;idl;hpj;bat;asm;asmx</Extensions>
    </Filter>
    <Filter Include="Fichiers d%27en-tête">
      <UniqueIdentifier>{93995380-89BD-4b04-88EB-625FBE52EBFB}</UniqueIdentifier>
      <Extensions>h;hh;hpp;hxx;h++;hm;inl;inc;ipp;xsd</Extensions>
    </Filter>
    <Filter Include="Fichiers de ressources">
      <UniqueIdentifier>{67DA6AB6-F800-4c08-8B7A-83BB121AAD01}</UniqueIdentifier>
      <Extensions>rc;ico;cur;bmp;dlg;rc2;rct;bin;rgs;gif;jpg;jpeg;jpe;resx;tiff;tif;png;wav;mfcribbon-ms</Extensions>
    </Filter>
  </ItemGroup>
  <ItemGroup>
    <ClInclude Include="source\include\glad\glad.h">
      <Filter>Fichiers d%27en-tête</Filter>
    </ClInclude>
    <ClInclude Include="source\include\GLFW\glfw3.h">
      <Filter>Fichiers d%27en-tête</Filter>
    </ClInclude>
    <ClInclude Include="source\include\GLFW\glfw3native.h">
      <Filter>Fichiers d%27en-tête</Filter>
    </ClInclude>
    <ClInclude Include="source\include\KHR\khrplatform.h">
      <Filter>Fichiers d%27en-tête</Filter>
    </ClInclude>
    <ClInclude Include="include\LowRenderer\Gizmo\Gizmo.h">
      <Filter>Fichiers d%27en-tête</Filter>
    </ClInclude>
    <ClInclude Include="resource.h">
      <Filter>Fichiers d%27en-tête</Filter>
    </ClInclude>
    <ClInclude Include="source\include\Core\DataStructure\Component\Collider\BoxCollider\BoxCollider.h">
      <Filter>Fichiers d%27en-tête</Filter>
    </ClInclude>
    <ClInclude Include="source\include\Core\DataStructure\Component\Collider\SphereCollider\SphereCollider.h">
      <Filter>Fichiers d%27en-tête</Filter>
    </ClInclude>
    <ClInclude Include="source\include\Core\DataStructure\Component\Collider\Collider.h">
      <Filter>Fichiers d%27en-tête</Filter>
    </ClInclude>
    <ClInclude Include="source\include\Core\DataStructure\Component\Collider\ColliderComponents.h">
      <Filter>Fichiers d%27en-tête</Filter>
    </ClInclude>
    <ClInclude Include="source\include\Core\DataStructure\Component\Component.h">
      <Filter>Fichiers d%27en-tête</Filter>
    </ClInclude>
    <ClInclude Include="source\include\Core\DataStructure\Entity\Entity.h">
      <Filter>Fichiers d%27en-tête</Filter>
    </ClInclude>
    <ClInclude Include="source\include\Core\Math\Mathf.h">
      <Filter>Fichiers d%27en-tête</Filter>
    </ClInclude>
    <ClInclude Include="source\include\Core\Math\Matrix.h">
      <Filter>Fichiers d%27en-tête</Filter>
    </ClInclude>
    <ClInclude Include="source\include\Core\Math\Matrix2X2.h">
      <Filter>Fichiers d%27en-tête</Filter>
    </ClInclude>
    <ClInclude Include="source\include\Core\Math\Matrix3X3.h">
      <Filter>Fichiers d%27en-tête</Filter>
    </ClInclude>
    <ClInclude Include="source\include\Core\Math\Matrix4X4.h">
      <Filter>Fichiers d%27en-tête</Filter>
    </ClInclude>
    <ClInclude Include="source\include\Core\Math\Vector.h">
      <Filter>Fichiers d%27en-tête</Filter>
    </ClInclude>
    <ClInclude Include="source\include\Core\Math\Vector2.h">
      <Filter>Fichiers d%27en-tête</Filter>
    </ClInclude>
    <ClInclude Include="source\include\Core\Math\Vector3.h">
      <Filter>Fichiers d%27en-tête</Filter>
    </ClInclude>
    <ClInclude Include="source\include\Core\Math\Vector4.h">
      <Filter>Fichiers d%27en-tête</Filter>
    </ClInclude>
    <ClInclude Include="source\include\LowRenderer\Cam\Camera.h">
      <Filter>Fichiers d%27en-tête</Filter>
    </ClInclude>
    <ClInclude Include="source\include\LowRenderer\FrameBuffer\ShadowMap\ShadowMaps.h">
      <Filter>Fichiers d%27en-tête</Filter>
    </ClInclude>
    <ClInclude Include="source\include\LowRenderer\FrameBuffer\FrameBuffer.h">
      <Filter>Fichiers d%27en-tête</Filter>
    </ClInclude>
    <ClInclude Include="source\include\LowRenderer\Light\Light.h">
      <Filter>Fichiers d%27en-tête</Filter>
    </ClInclude>
    <ClInclude Include="source\include\LowRenderer\Material\Material.h">
      <Filter>Fichiers d%27en-tête</Filter>
    </ClInclude>
    <ClInclude Include="source\include\LowRenderer\Vertex\Vertex.h">
      <Filter>Fichiers d%27en-tête</Filter>
    </ClInclude>
    <ClInclude Include="source\include\Ressources\CubeMaps\CubeMaps.h">
      <Filter>Fichiers d%27en-tête</Filter>
    </ClInclude>
    <ClInclude Include="source\include\Ressources\IResources\IResource.h">
      <Filter>Fichiers d%27en-tête</Filter>
    </ClInclude>
    <ClInclude Include="source\include\Ressources\Mesh\Mesh.h">
      <Filter>Fichiers d%27en-tête</Filter>
    </ClInclude>
    <ClInclude Include="source\include\Ressources\RessourcesManager\RessourcesManager.h">
      <Filter>Fichiers d%27en-tête</Filter>
    </ClInclude>
    <ClInclude Include="source\include\Ressources\Shader\Shader.h">
      <Filter>Fichiers d%27en-tête</Filter>
    </ClInclude>
    <ClInclude Include="source\include\Ressources\SkyBox\SkyBox.h">
      <Filter>Fichiers d%27en-tête</Filter>
    </ClInclude>
    <ClInclude Include="source\include\src\App\App.h">
      <Filter>Fichiers d%27en-tête</Filter>
    </ClInclude>
    <ClInclude Include="source\include\src\AppData\AppData.h">
      <Filter>Fichiers d%27en-tête</Filter>
    </ClInclude>
    <ClInclude Include="source\include\LowRenderer\FrameBuffer\MultiSamples\MultiSamples.h">
      <Filter>Fichiers d%27en-tête</Filter>
    </ClInclude>
    <ClInclude Include="source\include\App\App.h">
      <Filter>Fichiers d%27en-tête</Filter>
    </ClInclude>
    <ClInclude Include="source\include\Physics\Transform\Transform.h">
      <Filter>Fichiers d%27en-tête</Filter>
    </ClInclude>
    <ClInclude Include="source\include\Core\DataStructure\Component\Collider\PlaneCollider.h">
      <Filter>Fichiers d%27en-tête</Filter>
    </ClInclude>
    <ClInclude Include="source\include\Physics\RigidBody\Rigidbody.h">
      <Filter>Fichiers d%27en-tête</Filter>
    </ClInclude>
    <ClInclude Include="source\include\Ressources\Texture\Texture.hpp">
      <Filter>Fichiers d%27en-tête</Filter>
    </ClInclude>
    <ClInclude Include="source\include\Core\DataStructure\Component\Collider\Raycast.hpp">
      <Filter>Fichiers d%27en-tête</Filter>
    </ClInclude>
    <ClInclude Include="source\include\Serializer\Serializer.h">
      <Filter>Fichiers d%27en-tête</Filter>
    </ClInclude>
    <ClInclude Include="source\include\Core\Event\Event.h">
      <Filter>Fichiers d%27en-tête</Filter>
    </ClInclude>
    <ClInclude Include="source\include\LowRenderer\FrameBuffer\DepthMap\Depthmap.h">
      <Filter>Fichiers d%27en-tête</Filter>
    </ClInclude>
    <ClInclude Include="source\include\Core\DataStructure\ComponentsBehaviours.h">
      <Filter>Fichiers d%27en-tête</Filter>
    </ClInclude>
    <ClInclude Include="source\include\UI\ContentBrowser.h">
      <Filter>Fichiers d%27en-tête</Filter>
    </ClInclude>
    <ClInclude Include="source\include\UI\InspectorSelectable.h">
      <Filter>Fichiers d%27en-tête</Filter>
    </ClInclude>
    <ClInclude Include="source\include\Ressources\Shader\ShaderSource\ShaderSource.hpp">
      <Filter>Fichiers d%27en-tête</Filter>
    </ClInclude>
    <ClInclude Include="source\include\Core\Math\Quaternion.h">
      <Filter>Fichiers d%27en-tête</Filter>
    </ClInclude>
    <ClInclude Include="source\include\Core\ECS\Component.h">
      <Filter>Fichiers d%27en-tête</Filter>
    </ClInclude>
    <ClInclude Include="source\include\Core\ECS\Entity.h">
      <Filter>Fichiers d%27en-tête</Filter>
    </ClInclude>
    <ClInclude Include="source\include\Core\ECS\ECSComponent.h">
      <Filter>Fichiers d%27en-tête</Filter>
    </ClInclude>
    <ClInclude Include="source\include\Physics\Transform\Transform.hpp">
      <Filter>Fichiers d%27en-tête</Filter>
    </ClInclude>
    <ClInclude Include="source\include\Core\DataStructure\Project.hpp">
      <Filter>Fichiers d%27en-tête</Filter>
    </ClInclude>
    <ClInclude Include="source\include\LowRenderer\MeshRenderer\MeshRenderer.h">
      <Filter>Fichiers d%27en-tête</Filter>
    </ClInclude>
    <ClInclude Include="source\include\Physics\GraphScene\GraphScene.h">
      <Filter>Fichiers d%27en-tête</Filter>
    </ClInclude>
    <ClInclude Include="source\include\Core\ECS\IECSSystem.h">
      <Filter>Fichiers d%27en-tête</Filter>
    </ClInclude>
    <ClInclude Include="source\include\LowRenderer\RendererLightSystem\RendererLightSystem.hpp">
      <Filter>Fichiers d%27en-tête</Filter>
    </ClInclude>
    <ClInclude Include="source\include\LowRenderer\Light\DirectionalLight\DirectionalLight.hpp">
      <Filter>Fichiers d%27en-tête</Filter>
    </ClInclude>
    <ClInclude Include="source\include\LowRenderer\Light\PointLight\PointLight.hpp">
      <Filter>Fichiers d%27en-tête</Filter>
    </ClInclude>
    <ClInclude Include="source\include\LowRenderer\Light\SpothLight\SpothLight.hpp">
      <Filter>Fichiers d%27en-tête</Filter>
    </ClInclude>
    <ClInclude Include="source\include\LowRenderer\Light\Light.hpp">
      <Filter>Fichiers d%27en-tête</Filter>
    </ClInclude>
    <ClInclude Include="source\include\Core\ECS\Register.h">
      <Filter>Fichiers d%27en-tête</Filter>
    </ClInclude>
    <ClInclude Include="source\include\UI\ImguiLayer.h">
      <Filter>Fichiers d%27en-tête</Filter>
    </ClInclude>
    <ClInclude Include="source\include\UI\Inspector.hpp">
      <Filter>Fichiers d%27en-tête</Filter>
    </ClInclude>
    <ClInclude Include="source\include\UI\DockingSystem.hpp">
      <Filter>Fichiers d%27en-tête</Filter>
    </ClInclude>
    <ClInclude Include="source\include\UI\Hierarchy.hpp">
      <Filter>Fichiers d%27en-tête</Filter>
    </ClInclude>
    <ClInclude Include="source\include\LowRenderer\Renderer\Renderer.hpp">
      <Filter>Fichiers d%27en-tête</Filter>
    </ClInclude>
    <ClInclude Include="source\include\LowRenderer\SystemRendererSkyMap\SystemRendererSkyMap.hpp">
      <Filter>Fichiers d%27en-tête</Filter>
    </ClInclude>
    <ClInclude Include="source\include\UI\TransformGuizmo.hpp">
      <Filter>Fichiers d%27en-tête</Filter>
    </ClInclude>
    <ClInclude Include="source\include\LowRenderer\RendererShadowSystem\RendererShadowSystem.h">
      <Filter>Fichiers d%27en-tête</Filter>
    </ClInclude>
    <ClInclude Include="source\include\Physics\Collider\SphereCollider.hpp">
      <Filter>Fichiers d%27en-tête</Filter>
    </ClInclude>
    <ClInclude Include="source\include\Physics\Collider\ColliderSystem.hpp">
      <Filter>Fichiers d%27en-tête</Filter>
    </ClInclude>
    <ClInclude Include="source\include\Physics\Collider\BoxCollider.hpp">
      <Filter>Fichiers d%27en-tête</Filter>
    </ClInclude>
    <ClInclude Include="source\include\Physics\Collider\Collider.hpp">
      <Filter>Fichiers d%27en-tête</Filter>
    </ClInclude>
    <ClInclude Include="source\include\LowRenderer\Gizmo\Gizmo.hpp">
      <Filter>Fichiers d%27en-tête</Filter>
    </ClInclude>
    <ClInclude Include="source\include\Physics\PhysicsSystem\PhysicsSystem.hpp">
      <Filter>Fichiers d%27en-tête</Filter>
    </ClInclude>
    <ClInclude Include="source\include\Core\AppTime.h">
      <Filter>Fichiers d%27en-tête</Filter>
    </ClInclude>
    <ClInclude Include="source\include\UI\Log.hpp">
      <Filter>Fichiers d%27en-tête</Filter>
    </ClInclude>
    <ClInclude Include="source\include\Ressources\Model\Model.h">
      <Filter>Fichiers d%27en-tête</Filter>
    </ClInclude>
    <ClInclude Include="source\include\Physics\Raycast\Raycast.h">
      <Filter>Fichiers d%27en-tête</Filter>
    </ClInclude>
    <ClInclude Include="ProjectFolder\Project1\assets\Scipt\RumicsCube.h">
      <Filter>Fichiers d%27en-tête</Filter>
    </ClInclude>
    <ClInclude Include="source\include\Core\ISerialzable\ISerialzable.h">
      <Filter>Fichiers d%27en-tête</Filter>
    </ClInclude>
    <ClInclude Include="source\include\Core\Math\ToolBoxMathHeaders.h">
      <Filter>Fichiers d%27en-tête</Filter>
    </ClInclude>
    <ClInclude Include="source\include\Core\Math\EasyFunction.h">
      <Filter>Fichiers d%27en-tête</Filter>
    </ClInclude>
    <ClInclude Include="source\include\Core\ThreadPatern\TheardCP.h">
      <Filter>Fichiers d%27en-tête</Filter>
    </ClInclude>
    <ClInclude Include="source\include\Core\CoreEngine.h">
      <Filter>Fichiers d%27en-tête</Filter>
    </ClInclude>
    <ClInclude Include="source\include\Core\Input\CoreInput.h">
      <Filter>Fichiers d%27en-tête</Filter>
    </ClInclude>
    <ClInclude Include="source\include\Core\Input\InputEvent.h">
      <Filter>Fichiers d%27en-tête</Filter>
    </ClInclude>
    <ClInclude Include="source\include\External\glad\glad.h">
      <Filter>Fichiers d%27en-tête</Filter>
    </ClInclude>
    <ClInclude Include="source\include\Core\ThreadPatern\ThreadPool.h">
      <Filter>Fichiers d%27en-tête</Filter>
    </ClInclude>
    <ClInclude Include="source\include\Core\ThreadPatern\ThreadPoolDynamic.h">
      <Filter>Fichiers d%27en-tête</Filter>
    </ClInclude>
    <ClInclude Include="source\include\Core\Debug\LogClass.h">
      <Filter>Fichiers d%27en-tête</Filter>
    </ClInclude>
    <ClInclude Include="source\include\Core\Debug\Debug.h">
      <Filter>Fichiers d%27en-tête</Filter>
    </ClInclude>
    <ClInclude Include="source\include\Core\Debug\AssertClass.h">
      <Filter>Fichiers d%27en-tête</Filter>
    </ClInclude>
    <ClInclude Include="source\include\Core\Debug\Imgui\imconfig.h">
      <Filter>Fichiers d%27en-tête</Filter>
    </ClInclude>
    <ClInclude Include="source\include\Core\Debug\Imgui\imgui.h">
      <Filter>Fichiers d%27en-tête</Filter>
    </ClInclude>
    <ClInclude Include="source\include\Core\Debug\Imgui\imgui_impl_glfw.h">
      <Filter>Fichiers d%27en-tête</Filter>
    </ClInclude>
    <ClInclude Include="source\include\Core\Debug\Imgui\imgui_impl_opengl3.h">
      <Filter>Fichiers d%27en-tête</Filter>
    </ClInclude>
    <ClInclude Include="source\include\Core\Debug\Imgui\imgui_impl_opengl3_loader.h">
      <Filter>Fichiers d%27en-tête</Filter>
    </ClInclude>
    <ClInclude Include="source\include\Core\Debug\Imgui\imgui_internal.h">
      <Filter>Fichiers d%27en-tête</Filter>
    </ClInclude>
    <ClInclude Include="source\include\Core\Debug\Imgui\imstb_rectpack.h">
      <Filter>Fichiers d%27en-tête</Filter>
    </ClInclude>
    <ClInclude Include="source\include\Core\Debug\Imgui\imstb_textedit.h">
      <Filter>Fichiers d%27en-tête</Filter>
    </ClInclude>
    <ClInclude Include="source\include\Core\Debug\Imgui\imstb_truetype.h">
      <Filter>Fichiers d%27en-tête</Filter>
    </ClInclude>
  </ItemGroup>
  <ItemGroup>
    <None Include=".gitignore" />
    <None Include="assets\Shader\GizmoShader\Gizmoshader.frag" />
    <None Include="assets\Shader\GizmoShader\Gizmoshader.vertex" />
    <None Include="assets\Shader\InvertShader\InvertShader.frag" />
    <None Include="assets\Shader\InvertShader\InvertShader.vertex" />
    <None Include="assets\Shader\KernelEffectShader\KernelEffectShader.frag" />
    <None Include="assets\Shader\KernelEffectShader\KernelEffectShader.vertex" />
    <None Include="assets\Shader\NormalShader\NormalShader.frag" />
    <None Include="assets\Shader\NormalShader\NormalShader.vert" />
    <None Include="assets\Shader\DepthMapShader\DepthMapShader.frag" />
    <None Include="assets\Shader\DepthMapShader\DepthMapShader.vertex" />
    <None Include="assets\Shader\SkyBoxShader\SkyBoxShader.frag" />
    <None Include="assets\Shader\SkyBoxShader\SkyBoxShader.vertex" />
    <None Include="assets\Shader\StencilTest\StencilTest.frag" />
    <None Include="assets\Shader\StencilTest\StencilTest.vertex" />
    <None Include="assets\Shader\DebugDepthShader\DebugDepthShader.frag" />
    <None Include="assets\Shader\DebugDepthShader\DebugDepthShader.vertex" />
    <None Include="assets\Shader\NormalShader\NormalShader.geom" />
    <None Include="source\include\External\assimp\assimp-vc143-mt.dll" />
    <None Include="source\src\External\lib\assimp-vc143-mtd.exp" />
    <None Include="assimp-vc143-mtd.dll" />
    <None Include="source\src\External\lib\yaml-cppd.pdb" />
  </ItemGroup>
  <ItemGroup>
    <Text Include="Log\LOG .txt" />
  </ItemGroup>
  <ItemGroup>
    <ResourceCompile Include="Modern_OpengGl_GB.rc">
      <Filter>Fichiers de ressources</Filter>
    </ResourceCompile>
  </ItemGroup>
  <ItemGroup>
    <ClCompile Include="source\src\App\App.cpp">
      <Filter>Fichiers sources</Filter>
    </ClCompile>
    <ClCompile Include="source\src\Core\Debug\AssertClass.cpp">
      <Filter>Fichiers sources</Filter>
    </ClCompile>
    <ClCompile Include="source\src\Core\Debug\LogClass.cpp">
      <Filter>Fichiers sources</Filter>
    </ClCompile>
    <ClCompile Include="source\src\Core\Math\Mathf.cpp">
      <Filter>Fichiers sources</Filter>
    </ClCompile>
    <ClCompile Include="source\src\Core\Math\Matrix.cpp">
      <Filter>Fichiers sources</Filter>
    </ClCompile>
    <ClCompile Include="source\src\Core\Math\Matrix2X2.cpp">
      <Filter>Fichiers sources</Filter>
    </ClCompile>
    <ClCompile Include="source\src\Core\Math\Matrix3X3.cpp">
      <Filter>Fichiers sources</Filter>
    </ClCompile>
    <ClCompile Include="source\src\Core\Math\Matrix4X4.cpp">
      <Filter>Fichiers sources</Filter>
    </ClCompile>
    <ClCompile Include="source\src\Core\Math\Vector.cpp">
      <Filter>Fichiers sources</Filter>
    </ClCompile>
    <ClCompile Include="source\src\Core\Math\Vector2.cpp">
      <Filter>Fichiers sources</Filter>
    </ClCompile>
    <ClCompile Include="source\src\Core\Math\Vector3.cpp">
      <Filter>Fichiers sources</Filter>
    </ClCompile>
    <ClCompile Include="source\src\Core\Math\Vector4.cpp">
      <Filter>Fichiers sources</Filter>
    </ClCompile>
    <ClCompile Include="source\src\External\Glad\glad.c">
      <Filter>Fichiers sources</Filter>
    </ClCompile>
    <ClCompile Include="source\src\LowRenderer\Cam\Camera.cpp">
      <Filter>Fichiers sources</Filter>
    </ClCompile>
    <ClCompile Include="source\src\LowRenderer\FrameBuffer\ShadowMap\ShadowMaps.cpp">
      <Filter>Fichiers sources</Filter>
    </ClCompile>
    <ClCompile Include="source\src\LowRenderer\FrameBuffer\FrameBuffer.cpp">
      <Filter>Fichiers sources</Filter>
    </ClCompile>
    <ClCompile Include="source\src\LowRenderer\Material\Material.cpp">
      <Filter>Fichiers sources</Filter>
    </ClCompile>
    <ClCompile Include="source\src\LowRenderer\Vertex\Vertex.cpp">
      <Filter>Fichiers sources</Filter>
    </ClCompile>
    <ClCompile Include="source\src\Main\main.cpp">
      <Filter>Fichiers sources</Filter>
    </ClCompile>
    <ClCompile Include="source\src\Ressources\CubeMaps\CubeMaps.cpp">
      <Filter>Fichiers sources</Filter>
    </ClCompile>
    <ClCompile Include="source\src\Ressources\IResource\IResource.cpp">
      <Filter>Fichiers sources</Filter>
    </ClCompile>
    <ClCompile Include="source\src\Ressources\Mesh\Mesh.cpp">
      <Filter>Fichiers sources</Filter>
    </ClCompile>
    <ClCompile Include="source\src\Ressources\RessourcesManager\RessourcesManager.cpp">
      <Filter>Fichiers sources</Filter>
    </ClCompile>
    <ClCompile Include="source\src\Ressources\Shader\Shader.cpp">
      <Filter>Fichiers sources</Filter>
    </ClCompile>
    <ClCompile Include="source\src\Ressources\SkyBox\SkyBox.cpp">
      <Filter>Fichiers sources</Filter>
    </ClCompile>
    <ClCompile Include="source\src\LowRenderer\FrameBuffer\MultiSamples\MultiSamples.cpp">
      <Filter>Fichiers sources</Filter>
    </ClCompile>
    <ClCompile Include="source\src\External\Std_Image\std_image.cpp">
      <Filter>Fichiers sources</Filter>
    </ClCompile>
    <ClCompile Include="source\src\Ressources\Texture\Texture.cpp">
      <Filter>Fichiers sources</Filter>
    </ClCompile>
    <ClCompile Include="source\src\Event\Event.cpp">
      <Filter>Fichiers sources</Filter>
    </ClCompile>
    <ClCompile Include="source\src\LowRenderer\FrameBuffer\DepthMap\Depthmap.cpp">
      <Filter>Fichiers sources</Filter>
    </ClCompile>
    <ClCompile Include="source\src\Core\Debug\Imgui\imgui.cpp">
      <Filter>Fichiers sources</Filter>
    </ClCompile>
    <ClCompile Include="source\src\Core\Debug\Imgui\imgui_draw.cpp">
      <Filter>Fichiers sources</Filter>
    </ClCompile>
    <ClCompile Include="source\src\Core\Debug\Imgui\imgui_impl_opengl3.cpp">
      <Filter>Fichiers sources</Filter>
    </ClCompile>
    <ClCompile Include="source\src\Core\Debug\Imgui\imgui_tables.cpp">
      <Filter>Fichiers sources</Filter>
    </ClCompile>
    <ClCompile Include="source\src\Core\Debug\Imgui\imgui_widgets.cpp">
      <Filter>Fichiers sources</Filter>
    </ClCompile>
    <ClCompile Include="source\src\Core\Debug\Imgui\imgui_demo.cpp">
      <Filter>Fichiers sources</Filter>
    </ClCompile>
    <ClCompile Include="source\src\Core\Debug\Imgui\imgui_impl_glfw.cpp">
      <Filter>Fichiers sources</Filter>
    </ClCompile>
    <ClCompile Include="source\src\UI\ContentBrowser.cpp">
      <Filter>Fichiers sources</Filter>
    </ClCompile>
    <ClCompile Include="source\src\UI\InspectorSelectable.cpp">
      <Filter>Fichiers sources</Filter>
    </ClCompile>
    <ClCompile Include="source\src\External\ImguiGizmo\GraphEditor.cpp">
      <Filter>Fichiers sources</Filter>
    </ClCompile>
    <ClCompile Include="source\src\External\ImguiGizmo\ImCurveEdit.cpp">
      <Filter>Fichiers sources</Filter>
    </ClCompile>
    <ClCompile Include="source\src\External\ImguiGizmo\ImGradient.cpp">
      <Filter>Fichiers sources</Filter>
    </ClCompile>
    <ClCompile Include="source\src\External\ImguiGizmo\ImGuizmo.cpp">
      <Filter>Fichiers sources</Filter>
    </ClCompile>
    <ClCompile Include="source\src\External\ImguiGizmo\ImSequencer.cpp">
      <Filter>Fichiers sources</Filter>
    </ClCompile>
    <ClCompile Include="source\src\Ressources\Shader\ShaderSource\ShaderSource.cpp">
      <Filter>Fichiers sources</Filter>
    </ClCompile>
    <ClCompile Include="source\src\Core\Math\Quaternion.cpp">
      <Filter>Fichiers sources</Filter>
    </ClCompile>
    <ClCompile Include="source\src\Core\ECS\Component.cpp">
      <Filter>Fichiers sources</Filter>
    </ClCompile>
    <ClCompile Include="source\src\Core\ECS\ECSComponent.cpp">
      <Filter>Fichiers sources</Filter>
    </ClCompile>
    <ClCompile Include="source\src\Core\ECS\Entity.cpp">
      <Filter>Fichiers sources</Filter>
    </ClCompile>
    <ClCompile Include="source\src\Physics\Transform\Transform.cpp">
      <Filter>Fichiers sources</Filter>
    </ClCompile>
    <ClCompile Include="source\src\Core\DataStructure\Project.cpp">
      <Filter>Fichiers sources</Filter>
    </ClCompile>
    <ClCompile Include="source\src\LowRenderer\MeshRenderer\MeshRenderer.cpp">
      <Filter>Fichiers sources</Filter>
    </ClCompile>
    <ClCompile Include="source\src\Physics\GraphScene\GraphScene.cpp">
      <Filter>Fichiers sources</Filter>
    </ClCompile>
    <ClCompile Include="source\src\Core\ECS\IECSSystem.cpp">
      <Filter>Fichiers sources</Filter>
    </ClCompile>
    <ClCompile Include="source\src\LowRenderer\RendererLightSystem\RendererLightSystem.cpp">
      <Filter>Fichiers sources</Filter>
    </ClCompile>
    <ClCompile Include="source\src\LowRenderer\Light\DirectionalLight\DirectionalLight.cpp">
      <Filter>Fichiers sources</Filter>
    </ClCompile>
    <ClCompile Include="source\src\LowRenderer\Light\PointLight\PointLight.cpp">
      <Filter>Fichiers sources</Filter>
    </ClCompile>
    <ClCompile Include="source\src\LowRenderer\Light\SpothLight\SpothLight.cpp">
      <Filter>Fichiers sources</Filter>
    </ClCompile>
    <ClCompile Include="source\src\LowRenderer\Light\Light.cpp">
      <Filter>Fichiers sources</Filter>
    </ClCompile>
    <ClCompile Include="source\src\Core\ECS\Register.cpp">
      <Filter>Fichiers sources</Filter>
    </ClCompile>
    <ClCompile Include="source\src\UI\ImguiLayer.cpp">
      <Filter>Fichiers sources</Filter>
    </ClCompile>
    <ClCompile Include="source\src\UI\Inspector.cpp">
      <Filter>Fichiers sources</Filter>
    </ClCompile>
    <ClCompile Include="source\src\UI\DockingSystem.cpp">
      <Filter>Fichiers sources</Filter>
    </ClCompile>
    <ClCompile Include="source\src\UI\Hierarchy.cpp">
      <Filter>Fichiers sources</Filter>
    </ClCompile>
    <ClCompile Include="source\src\LowRenderer\Renderer\Renderer.cpp">
      <Filter>Fichiers sources</Filter>
    </ClCompile>
    <ClCompile Include="source\src\LowRenderer\SystemRendererSkyMap\SystemRendererSkyMap.cpp">
      <Filter>Fichiers sources</Filter>
    </ClCompile>
    <ClCompile Include="source\src\UI\TransformGuizmo.cpp">
      <Filter>Fichiers sources</Filter>
    </ClCompile>
    <ClCompile Include="source\src\LowRenderer\RendererShadowSystem\RendererShadowSystem.cpp">
      <Filter>Fichiers sources</Filter>
    </ClCompile>
    <ClCompile Include="source\src\Physics\Collider\SphereCollider.cpp">
      <Filter>Fichiers sources</Filter>
    </ClCompile>
    <ClCompile Include="source\src\Physics\Collider\ColliderSystem.cpp">
      <Filter>Fichiers sources</Filter>
    </ClCompile>
    <ClCompile Include="source\src\Physics\Collider\BoxCollider.cpp">
      <Filter>Fichiers sources</Filter>
    </ClCompile>
    <ClCompile Include="source\src\Physics\Collider\Collider.cpp">
      <Filter>Fichiers sources</Filter>
    </ClCompile>
    <ClCompile Include="source\src\LowRenderer\Gizmo\Gizmo.cpp">
      <Filter>Fichiers sources</Filter>
    </ClCompile>
    <ClCompile Include="source\src\Physics\PhysicsSystem\PhysicsSystem.cpp">
      <Filter>Fichiers sources</Filter>
    </ClCompile>
    <ClCompile Include="source\include\Physics\RigidBody\Rigidbody.cpp">
      <Filter>Fichiers sources</Filter>
    </ClCompile>
    <ClCompile Include="source\src\Core\AppTime.cpp">
      <Filter>Fichiers sources</Filter>
    </ClCompile>
    <ClCompile Include="source\src\UI\Log.cpp">
      <Filter>Fichiers sources</Filter>
    </ClCompile>
    <ClCompile Include="source\src\Ressources\Model\Model.cpp">
      <Filter>Fichiers sources</Filter>
    </ClCompile>
    <ClCompile Include="source\src\Physics\Raycast\Raycast.cpp">
      <Filter>Fichiers sources</Filter>
    </ClCompile>
    <ClCompile Include="ProjectFolder\Project1\assets\Scipt\RumicsCube.cpp">
      <Filter>Fichiers sources</Filter>
    </ClCompile>
    <ClCompile Include="source\src\Core\ISerialzable\ISerialzable.cpp">
      <Filter>Fichiers sources</Filter>
    </ClCompile>
    <ClCompile Include="source\src\Core\ThreadPatern\TheardCP.cpp">
      <Filter>Fichiers sources</Filter>
    </ClCompile>
    <ClCompile Include="source\src\Core\Input\CoreInput.cpp">
      <Filter>Fichiers sources</Filter>
    </ClCompile>
    <ClCompile Include="source\src\Core\Input\InputEvent.cpp">
      <Filter>Fichiers sources</Filter>
    </ClCompile>
    <ClCompile Include="source\src\Core\ThreadPatern\ThreadPool.cpp">
      <Filter>Fichiers sources</Filter>
    </ClCompile>
    <ClCompile Include="source\src\Core\ThreadPatern\ThreadPoolDynamic.cpp">
      <Filter>Fichiers sources</Filter>
    </ClCompile>
    <ClCompile Include="source\src\Core\ECS\Scene\Scene.cpp">
      <Filter>Fichiers sources</Filter>
    </ClCompile>
  </ItemGroup>
  <ItemGroup>
    <Library Include="source\src\External\lib\glfw3.lib" />
    <Library Include="source\src\External\lib\assimp-vc143-mtd.lib" />
    <Library Include="source\src\External\lib\yaml-cppd.lib" />
  </ItemGroup>
  <ItemGroup>
    <Image Include="assets\cube_maps\skybox\SkySkybox\back.jpg">
      <Filter>Fichiers de ressources</Filter>
    </Image>
    <Image Include="assets\cube_maps\skybox\SkySkybox\bottom.jpg">
      <Filter>Fichiers de ressources</Filter>
    </Image>
    <Image Include="assets\cube_maps\skybox\SkySkybox\front.jpg">
      <Filter>Fichiers de ressources</Filter>
    </Image>
    <Image Include="assets\cube_maps\skybox\SkySkybox\left.jpg">
      <Filter>Fichiers de ressources</Filter>
    </Image>
    <Image Include="assets\cube_maps\skybox\SkySkybox\right.jpg">
      <Filter>Fichiers de ressources</Filter>
    </Image>
    <Image Include="assets\cube_maps\skybox\SkySkybox\top.jpg">
      <Filter>Fichiers de ressources</Filter>
    </Image>
    <Image Include="assets\cube_maps\skybox\SpaceSkyBox\bkg1_back.png">
      <Filter>Fichiers de ressources</Filter>
    </Image>
    <Image Include="assets\cube_maps\skybox\SpaceSkyBox\bkg1_bottom.png">
      <Filter>Fichiers de ressources</Filter>
    </Image>
    <Image Include="assets\cube_maps\skybox\SpaceSkyBox\bkg1_left.png">
      <Filter>Fichiers de ressources</Filter>
    </Image>
    <Image Include="assets\cube_maps\skybox\SpaceSkyBox\bkg1_top.png">
      <Filter>Fichiers de ressources</Filter>
    </Image>
    <Image Include="assets\cube_maps\skybox\SpaceSkyBox\bkg1_right.png">
      <Filter>Fichiers de ressources</Filter>
    </Image>
    <Image Include="assets\cube_maps\skybox\SpaceSkyBox\bkg1_front.png">
      <Filter>Fichiers de ressources</Filter>
    </Image>
    <Image Include="ProjectFolder\Project1\assets\cube_maps\skybox\SkySkybox\back.jpg">
      <Filter>Fichiers de ressources</Filter>
    </Image>
    <Image Include="ProjectFolder\Project1\assets\cube_maps\skybox\SkySkybox\top.jpg">
      <Filter>Fichiers de ressources</Filter>
    </Image>
    <Image Include="ProjectFolder\Project1\assets\cube_maps\skybox\SkySkybox\front.jpg">
      <Filter>Fichiers de ressources</Filter>
    </Image>
    <Image Include="ProjectFolder\Project1\assets\cube_maps\skybox\SkySkybox\bottom.jpg">
      <Filter>Fichiers de ressources</Filter>
    </Image>
    <Image Include="ProjectFolder\Project1\assets\cube_maps\skybox\SkySkybox\left.jpg">
      <Filter>Fichiers de ressources</Filter>
    </Image>
    <Image Include="ProjectFolder\Project1\assets\cube_maps\skybox\SkySkybox\right.jpg">
      <Filter>Fichiers de ressources</Filter>
    </Image>
  </ItemGroup>
</Project>