<?xml version="1.0" encoding="utf-8"?>
<Project ToolsVersion="4.0" xmlns="http://schemas.microsoft.com/developer/msbuild/2003">
  <ItemGroup>
    <Filter Include="Fichiers sources">
      <UniqueIdentifier>{4FC737F1-C7A5-4376-A066-2A32D752A2FF}</UniqueIdentifier>
      <Extensions>cpp;c;cc;cxx;c++;cppm;ixx;def;odl;idl;hpj;bat;asm;asmx</Extensions>
    </Filter>
    <Filter Include="Fichiers d%27en-tête">
      <UniqueIdentifier>{93995380-89BD-4b04-88EB-625FBE52EBFB}</UniqueIdentifier>
      <Extensions>h;hh;hpp;hxx;h++;hm;inl;inc;ipp;xsd</Extensions>
    </Filter>
    <Filter Include="Fichiers de ressources">
      <UniqueIdentifier>{67DA6AB6-F800-4c08-8B7A-83BB121AAD01}</UniqueIdentifier>
      <Extensions>rc;ico;cur;bmp;dlg;rc2;rct;bin;rgs;gif;jpg;jpeg;jpe;resx;tiff;tif;png;wav;mfcribbon-ms</Extensions>
    </Filter>
  </ItemGroup>
  <ItemGroup>
    <ClInclude Include="source\include\glad\glad.h">
      <Filter>Fichiers d%27en-tête</Filter>
    </ClInclude>
    <ClInclude Include="source\include\GLFW\glfw3.h">
      <Filter>Fichiers d%27en-tête</Filter>
    </ClInclude>
    <ClInclude Include="source\include\GLFW\glfw3native.h">
      <Filter>Fichiers d%27en-tête</Filter>
    </ClInclude>
    <ClInclude Include="source\include\KHR\khrplatform.h">
      <Filter>Fichiers d%27en-tête</Filter>
    </ClInclude>
    <ClInclude Include="include\LowRenderer\Gizmo\Gizmo.h">
      <Filter>Fichiers d%27en-tête</Filter>
    </ClInclude>
    <ClInclude Include="resource.h">
      <Filter>Fichiers d%27en-tête</Filter>
    </ClInclude>
    <ClInclude Include="source\include\Core\DataStructure\Component\Collider\BoxCollider\BoxCollider.h">
      <Filter>Fichiers d%27en-tête</Filter>
    </ClInclude>
    <ClInclude Include="source\include\Core\DataStructure\Component\Collider\SphereCollider\SphereCollider.h">
      <Filter>Fichiers d%27en-tête</Filter>
    </ClInclude>
    <ClInclude Include="source\include\Core\DataStructure\Component\Collider\Collider.h">
      <Filter>Fichiers d%27en-tête</Filter>
    </ClInclude>
    <ClInclude Include="source\include\Core\DataStructure\Component\Collider\ColliderComponents.h">
      <Filter>Fichiers d%27en-tête</Filter>
    </ClInclude>
    <ClInclude Include="source\include\Core\DataStructure\Component\Component.h">
      <Filter>Fichiers d%27en-tête</Filter>
    </ClInclude>
    <ClInclude Include="source\include\Core\DataStructure\Entity\Entity.h">
      <Filter>Fichiers d%27en-tête</Filter>
    </ClInclude>
    <ClInclude Include="source\include\Core\Debug\AssertClass.h">
      <Filter>Fichiers d%27en-tête</Filter>
    </ClInclude>
    <ClInclude Include="source\include\Core\Debug\LogClass.h">
      <Filter>Fichiers d%27en-tête</Filter>
    </ClInclude>
    <ClInclude Include="source\include\Core\Math\Mathf.h">
      <Filter>Fichiers d%27en-tête</Filter>
    </ClInclude>
    <ClInclude Include="source\include\Core\Math\Matrix.h">
      <Filter>Fichiers d%27en-tête</Filter>
    </ClInclude>
    <ClInclude Include="source\include\Core\Math\Matrix2X2.h">
      <Filter>Fichiers d%27en-tête</Filter>
    </ClInclude>
    <ClInclude Include="source\include\Core\Math\Matrix3X3.h">
      <Filter>Fichiers d%27en-tête</Filter>
    </ClInclude>
    <ClInclude Include="source\include\Core\Math\Matrix4X4.h">
      <Filter>Fichiers d%27en-tête</Filter>
    </ClInclude>
    <ClInclude Include="source\include\Core\Math\Primitive.h">
      <Filter>Fichiers d%27en-tête</Filter>
    </ClInclude>
    <ClInclude Include="source\include\Core\Math\Vector.h">
      <Filter>Fichiers d%27en-tête</Filter>
    </ClInclude>
    <ClInclude Include="source\include\Core\Math\Vector2.h">
      <Filter>Fichiers d%27en-tête</Filter>
    </ClInclude>
    <ClInclude Include="source\include\Core\Math\Vector3.h">
      <Filter>Fichiers d%27en-tête</Filter>
    </ClInclude>
    <ClInclude Include="source\include\Core\Math\Vector4.h">
      <Filter>Fichiers d%27en-tête</Filter>
    </ClInclude>
    <ClInclude Include="source\include\External\glad\glad.h">
      <Filter>Fichiers d%27en-tête</Filter>
    </ClInclude>
    <ClInclude Include="source\include\External\GLFW\glfw3.h">
      <Filter>Fichiers d%27en-tête</Filter>
    </ClInclude>
    <ClInclude Include="source\include\External\GLFW\glfw3native.h">
      <Filter>Fichiers d%27en-tête</Filter>
    </ClInclude>
    <ClInclude Include="source\include\External\KHR\khrplatform.h">
      <Filter>Fichiers d%27en-tête</Filter>
    </ClInclude>
    <ClInclude Include="source\include\LowRenderer\Cam\Camera.h">
      <Filter>Fichiers d%27en-tête</Filter>
    </ClInclude>
    <ClInclude Include="source\include\LowRenderer\FrameBuffer\ShadowMap\ShadowMaps.h">
      <Filter>Fichiers d%27en-tête</Filter>
    </ClInclude>
    <ClInclude Include="source\include\LowRenderer\FrameBuffer\FrameBuffer.h">
      <Filter>Fichiers d%27en-tête</Filter>
    </ClInclude>
    <ClInclude Include="source\include\LowRenderer\Light\DirectionalLight\DirectionalLight.h">
      <Filter>Fichiers d%27en-tête</Filter>
    </ClInclude>
    <ClInclude Include="source\include\LowRenderer\Light\PointLight\PointLight.h">
      <Filter>Fichiers d%27en-tête</Filter>
    </ClInclude>
    <ClInclude Include="source\include\LowRenderer\Light\SpothLight\SpothLight.h">
      <Filter>Fichiers d%27en-tête</Filter>
    </ClInclude>
    <ClInclude Include="source\include\LowRenderer\Light\Light.h">
      <Filter>Fichiers d%27en-tête</Filter>
    </ClInclude>
    <ClInclude Include="source\include\LowRenderer\Material\Material.h">
      <Filter>Fichiers d%27en-tête</Filter>
    </ClInclude>
    <ClInclude Include="source\include\LowRenderer\Vertex\Vertex.h">
      <Filter>Fichiers d%27en-tête</Filter>
    </ClInclude>
    <ClInclude Include="source\include\Physics\PhysicsEngine.h">
      <Filter>Fichiers d%27en-tête</Filter>
    </ClInclude>
    <ClInclude Include="source\include\Ressources\CubeMaps\CubeMaps.h">
      <Filter>Fichiers d%27en-tête</Filter>
    </ClInclude>
    <ClInclude Include="source\include\Ressources\IResources\IResource.h">
      <Filter>Fichiers d%27en-tête</Filter>
    </ClInclude>
    <ClInclude Include="source\include\Ressources\Model\Model.h">
      <Filter>Fichiers d%27en-tête</Filter>
    </ClInclude>
    <ClInclude Include="source\include\Ressources\RessourcesManager\RessourcesManager.h">
      <Filter>Fichiers d%27en-tête</Filter>
    </ClInclude>
    <ClInclude Include="source\include\Ressources\Shader\Shader.h">
      <Filter>Fichiers d%27en-tête</Filter>
    </ClInclude>
    <ClInclude Include="source\include\Ressources\SkyBox\SkyBox.h">
      <Filter>Fichiers d%27en-tête</Filter>
    </ClInclude>
    <ClInclude Include="source\include\src\App\App.h">
      <Filter>Fichiers d%27en-tête</Filter>
    </ClInclude>
    <ClInclude Include="source\include\src\AppData\AppData.h">
      <Filter>Fichiers d%27en-tête</Filter>
    </ClInclude>
    <ClInclude Include="source\include\LowRenderer\FrameBuffer\MultiSamples\MultiSamples.h">
      <Filter>Fichiers d%27en-tête</Filter>
    </ClInclude>
    <ClInclude Include="source\include\App\App.h">
      <Filter>Fichiers d%27en-tête</Filter>
    </ClInclude>
    <ClInclude Include="source\include\Physics\Transform\Transform.h">
      <Filter>Fichiers d%27en-tête</Filter>
    </ClInclude>
    <ClInclude Include="source\include\Ressources\Scene\Scene.h">
      <Filter>Fichiers d%27en-tête</Filter>
    </ClInclude>
    <ClInclude Include="source\include\Core\DataStructure\Component\Collider\PlaneCollider.h">
      <Filter>Fichiers d%27en-tête</Filter>
    </ClInclude>
    <ClInclude Include="source\include\External\Std_Image\std_image.h">
      <Filter>Fichiers d%27en-tête</Filter>
    </ClInclude>
    <ClInclude Include="source\include\Physics\RigidBody\Rigidbody.h">
      <Filter>Fichiers d%27en-tête</Filter>
    </ClInclude>
    <ClInclude Include="source\include\LowRenderer\RendererComponent\MeshRenderer\MeshRenderer.h">
      <Filter>Fichiers d%27en-tête</Filter>
    </ClInclude>
    <ClInclude Include="source\include\LowRenderer\RendererComponent\RendererComponent.h">
      <Filter>Fichiers d%27en-tête</Filter>
    </ClInclude>
    <ClInclude Include="source\include\Ressources\Texture\Texture.hpp">
      <Filter>Fichiers d%27en-tête</Filter>
    </ClInclude>
    <ClInclude Include="source\include\Core\DataStructure\Component\Collider\Raycast.hpp">
      <Filter>Fichiers d%27en-tête</Filter>
    </ClInclude>
    <ClInclude Include="source\include\Core\Debug\Debug.h">
      <Filter>Fichiers d%27en-tête</Filter>
    </ClInclude>
    <ClInclude Include="source\include\LowRenderer\Ui\UIRenderer.h">
      <Filter>Fichiers d%27en-tête</Filter>
    </ClInclude>
    <ClInclude Include="source\include\Core\Debug\Imgui\imconfig.h">
      <Filter>Fichiers d%27en-tête</Filter>
    </ClInclude>
    <ClInclude Include="source\include\Core\Debug\Imgui\imgui.h">
      <Filter>Fichiers d%27en-tête</Filter>
    </ClInclude>
    <ClInclude Include="source\include\Core\Debug\Imgui\imgui_impl_opengl3.h">
      <Filter>Fichiers d%27en-tête</Filter>
    </ClInclude>
    <ClInclude Include="source\include\Core\Debug\Imgui\imgui_internal.h">
      <Filter>Fichiers d%27en-tête</Filter>
    </ClInclude>
    <ClInclude Include="source\include\Core\Debug\Imgui\imstb_rectpack.h">
      <Filter>Fichiers d%27en-tête</Filter>
    </ClInclude>
    <ClInclude Include="source\include\Core\Debug\Imgui\imstb_textedit.h">
      <Filter>Fichiers d%27en-tête</Filter>
    </ClInclude>
    <ClInclude Include="source\include\Core\Debug\Imgui\imstb_truetype.h">
      <Filter>Fichiers d%27en-tête</Filter>
    </ClInclude>
    <ClInclude Include="source\include\Serializer\Serializer.h">
      <Filter>Fichiers d%27en-tête</Filter>
    </ClInclude>
    <ClInclude Include="source\include\Core\Input\UserInputs.h">
      <Filter>Fichiers d%27en-tête</Filter>
    </ClInclude>
    <ClInclude Include="source\include\LowRenderer\FrameBuffer\DepthMap\Depthmap.h">
      <Filter>Fichiers d%27en-tête</Filter>
    </ClInclude>
    <ClInclude Include="source\include\Core\Debug\Imgui\imgui_impl_glfw.h">
      <Filter>Fichiers d%27en-tête</Filter>
    </ClInclude>
    <ClInclude Include="source\include\Core\DataStructure\ComponentsBehaviours.h">
      <Filter>Fichiers d%27en-tête</Filter>
    </ClInclude>
    <ClInclude Include="source\include\UI\ContentBrowser.h">
      <Filter>Fichiers d%27en-tête</Filter>
    </ClInclude>
    <ClInclude Include="source\include\UI\InspectorSelectable.h">
      <Filter>Fichiers d%27en-tête</Filter>
    </ClInclude>
    <ClInclude Include="source\include\LowRenderer\Gizmo\Gizmo.h">
      <Filter>Fichiers d%27en-tête</Filter>
    </ClInclude>
    <ClInclude Include="source\include\LowRenderer\Gizmo\GizmoCollider\SphereGizmoCollider.h">
      <Filter>Fichiers d%27en-tête</Filter>
    </ClInclude>
  </ItemGroup>
  <ItemGroup>
    <None Include=".gitignore" />
    <None Include="assets\Shader\GizmoShader\Gizmoshader.frag" />
    <None Include="assets\Shader\GizmoShader\Gizmoshader.vertex" />
    <None Include="assets\Shader\InvertShader\InvertShader.frag" />
    <None Include="assets\Shader\InvertShader\InvertShader.vertex" />
    <None Include="assets\Shader\KernelEffectShader\KernelEffectShader.frag" />
    <None Include="assets\Shader\KernelEffectShader\KernelEffectShader.vertex" />
    <None Include="assets\Shader\NormalShader\NormalShader.frag" />
    <None Include="assets\Shader\NormalShader\NormalShader.vertex" />
    <None Include="assets\Shader\DepthMapShader\DepthMapShader.frag" />
    <None Include="assets\Shader\DepthMapShader\DepthMapShader.vertex" />
    <None Include="assets\Shader\SkyBoxShader\SkyBoxShader.frag" />
    <None Include="assets\Shader\SkyBoxShader\SkyBoxShader.vertex" />
    <None Include="assets\Shader\StencilTest\StencilTest.frag" />
    <None Include="assets\Shader\StencilTest\StencilTest.vertex" />
    <None Include="assets\Shader\DebugDepthShader\DebugDepthShader.frag" />
    <None Include="assets\Shader\DebugDepthShader\DebugDepthShader.vertex" />
    <None Include="assets\Shader\NormalShader\NormalShader.geom" />
  </ItemGroup>
  <ItemGroup>
    <Text Include="Log\LOG .txt" />
  </ItemGroup>
  <ItemGroup>
    <ResourceCompile Include="Modern_OpengGl_GB.rc">
      <Filter>Fichiers de ressources</Filter>
    </ResourceCompile>
  </ItemGroup>
  <ItemGroup>
    <ClCompile Include="source\src\App\App.cpp">
      <Filter>Fichiers sources</Filter>
    </ClCompile>
    <ClCompile Include="source\src\Core\DataStructure\Component\Collider\BoxCollider\BoxCollider.cpp">
      <Filter>Fichiers sources</Filter>
    </ClCompile>
    <ClCompile Include="source\src\Core\DataStructure\Component\Collider\SphereCollider\SphereCollider.cpp">
      <Filter>Fichiers sources</Filter>
    </ClCompile>
    <ClCompile Include="source\src\Core\DataStructure\Component\Component.cpp">
      <Filter>Fichiers sources</Filter>
    </ClCompile>
    <ClCompile Include="source\src\Core\DataStructure\Entity\Entity.cpp">
      <Filter>Fichiers sources</Filter>
    </ClCompile>
    <ClCompile Include="source\src\Core\Debug\AssertClass.cpp">
      <Filter>Fichiers sources</Filter>
    </ClCompile>
    <ClCompile Include="source\src\Core\Debug\LogClass.cpp">
      <Filter>Fichiers sources</Filter>
    </ClCompile>
    <ClCompile Include="source\src\Core\Math\Mathf.cpp">
      <Filter>Fichiers sources</Filter>
    </ClCompile>
    <ClCompile Include="source\src\Core\Math\Matrix.cpp">
      <Filter>Fichiers sources</Filter>
    </ClCompile>
    <ClCompile Include="source\src\Core\Math\Matrix2X2.cpp">
      <Filter>Fichiers sources</Filter>
    </ClCompile>
    <ClCompile Include="source\src\Core\Math\Matrix3X3.cpp">
      <Filter>Fichiers sources</Filter>
    </ClCompile>
    <ClCompile Include="source\src\Core\Math\Matrix4X4.cpp">
      <Filter>Fichiers sources</Filter>
    </ClCompile>
    <ClCompile Include="source\src\Core\Math\Primitive.cpp">
      <Filter>Fichiers sources</Filter>
    </ClCompile>
    <ClCompile Include="source\src\Core\Math\Vector.cpp">
      <Filter>Fichiers sources</Filter>
    </ClCompile>
    <ClCompile Include="source\src\Core\Math\Vector2.cpp">
      <Filter>Fichiers sources</Filter>
    </ClCompile>
    <ClCompile Include="source\src\Core\Math\Vector3.cpp">
      <Filter>Fichiers sources</Filter>
    </ClCompile>
    <ClCompile Include="source\src\Core\Math\Vector4.cpp">
      <Filter>Fichiers sources</Filter>
    </ClCompile>
    <ClCompile Include="source\src\External\Glad\glad.c">
      <Filter>Fichiers sources</Filter>
    </ClCompile>
    <ClCompile Include="source\src\LowRenderer\Cam\Camera.cpp">
      <Filter>Fichiers sources</Filter>
    </ClCompile>
    <ClCompile Include="source\src\LowRenderer\FrameBuffer\ShadowMap\ShadowMaps.cpp">
      <Filter>Fichiers sources</Filter>
    </ClCompile>
    <ClCompile Include="source\src\LowRenderer\FrameBuffer\FrameBuffer.cpp">
      <Filter>Fichiers sources</Filter>
    </ClCompile>
    <ClCompile Include="source\src\LowRenderer\Light\DirectionalLight\DirectionalLight.cpp">
      <Filter>Fichiers sources</Filter>
    </ClCompile>
    <ClCompile Include="source\src\LowRenderer\Light\PointLight\PointLight.cpp">
      <Filter>Fichiers sources</Filter>
    </ClCompile>
    <ClCompile Include="source\src\LowRenderer\Light\SpothLight\SpothLight.cpp">
      <Filter>Fichiers sources</Filter>
    </ClCompile>
    <ClCompile Include="source\src\LowRenderer\Light\Light.cpp">
      <Filter>Fichiers sources</Filter>
    </ClCompile>
    <ClCompile Include="source\src\LowRenderer\Material\Material.cpp">
      <Filter>Fichiers sources</Filter>
    </ClCompile>
    <ClCompile Include="source\src\LowRenderer\Vertex\Vertex.cpp">
      <Filter>Fichiers sources</Filter>
    </ClCompile>
    <ClCompile Include="source\src\Main\main.cpp">
      <Filter>Fichiers sources</Filter>
    </ClCompile>
    <ClCompile Include="source\src\Physics\PhysicsEngine.cpp">
      <Filter>Fichiers sources</Filter>
    </ClCompile>
    <ClCompile Include="source\src\Ressources\CubeMaps\CubeMaps.cpp">
      <Filter>Fichiers sources</Filter>
    </ClCompile>
    <ClCompile Include="source\src\Ressources\IResource\IResource.cpp">
      <Filter>Fichiers sources</Filter>
    </ClCompile>
    <ClCompile Include="source\src\Ressources\Model\Model.cpp">
      <Filter>Fichiers sources</Filter>
    </ClCompile>
    <ClCompile Include="source\src\Ressources\RessourcesManager\RessourcesManager.cpp">
      <Filter>Fichiers sources</Filter>
    </ClCompile>
    <ClCompile Include="source\src\Ressources\Shader\Shader.cpp">
      <Filter>Fichiers sources</Filter>
    </ClCompile>
    <ClCompile Include="source\src\Ressources\SkyBox\SkyBox.cpp">
      <Filter>Fichiers sources</Filter>
    </ClCompile>
    <ClCompile Include="source\src\LowRenderer\FrameBuffer\MultiSamples\MultiSamples.cpp">
      <Filter>Fichiers sources</Filter>
    </ClCompile>
    <ClCompile Include="source\src\Physics\Transform\Transform.cpp">
      <Filter>Fichiers sources</Filter>
    </ClCompile>
    <ClCompile Include="source\src\Ressources\Scene\Scene.cpp">
      <Filter>Fichiers sources</Filter>
    </ClCompile>
    <ClCompile Include="source\src\Core\DataStructure\Component\Collider\Collider.cpp">
      <Filter>Fichiers sources</Filter>
    </ClCompile>
    <ClCompile Include="source\src\Core\DataStructure\Component\Collider\PlaneCollider.cpp">
      <Filter>Fichiers sources</Filter>
    </ClCompile>
    <ClCompile Include="source\src\External\Std_Image\std_image.cpp">
      <Filter>Fichiers sources</Filter>
    </ClCompile>
    <ClCompile Include="source\src\Physics\RigidBody\Rigidbody.cpp">
      <Filter>Fichiers sources</Filter>
    </ClCompile>
    <ClCompile Include="source\src\LowRenderer\RendererComponent\MeshRenderer\MeshRenderer.cpp">
      <Filter>Fichiers sources</Filter>
    </ClCompile>
    <ClCompile Include="source\src\LowRenderer\RendererComponent\RendererComponent.cpp">
      <Filter>Fichiers sources</Filter>
    </ClCompile>
    <ClCompile Include="source\src\Ressources\Texture\Texture.cpp">
      <Filter>Fichiers sources</Filter>
    </ClCompile>
    <ClCompile Include="source\src\Core\DataStructure\Component\Collider\Raycast.cpp">
      <Filter>Fichiers sources</Filter>
    </ClCompile>
    <ClCompile Include="source\src\LowRenderer\Ui\UIRenderer.cpp">
      <Filter>Fichiers sources</Filter>
    </ClCompile>
    <ClCompile Include="source\src\Ressources\Serializer\Serializer.cpp">
      <Filter>Fichiers sources</Filter>
    </ClCompile>
    <ClCompile Include="source\src\Core\Input\UserInputs.cpp">
      <Filter>Fichiers sources</Filter>
    </ClCompile>
    <ClCompile Include="source\src\LowRenderer\FrameBuffer\DepthMap\Depthmap.cpp">
      <Filter>Fichiers sources</Filter>
    </ClCompile>
    <ClCompile Include="source\src\Core\Debug\Imgui\imgui.cpp">
      <Filter>Fichiers sources</Filter>
    </ClCompile>
    <ClCompile Include="source\src\Core\Debug\Imgui\imgui_draw.cpp">
      <Filter>Fichiers sources</Filter>
    </ClCompile>
    <ClCompile Include="source\src\Core\Debug\Imgui\imgui_impl_opengl3.cpp">
      <Filter>Fichiers sources</Filter>
    </ClCompile>
    <ClCompile Include="source\src\Core\Debug\Imgui\imgui_tables.cpp">
      <Filter>Fichiers sources</Filter>
    </ClCompile>
    <ClCompile Include="source\src\Core\Debug\Imgui\imgui_widgets.cpp">
      <Filter>Fichiers sources</Filter>
    </ClCompile>
    <ClCompile Include="source\src\Core\Debug\Imgui\imgui_demo.cpp">
      <Filter>Fichiers sources</Filter>
    </ClCompile>
    <ClCompile Include="source\src\Core\Debug\Imgui\imgui_impl_glfw.cpp">
      <Filter>Fichiers sources</Filter>
    </ClCompile>
    <ClCompile Include="source\src\UI\ContentBrowser.cpp">
      <Filter>Fichiers sources</Filter>
    </ClCompile>
    <ClCompile Include="source\src\UI\InspectorSelectable.cpp">
      <Filter>Fichiers sources</Filter>
    </ClCompile>
    <ClCompile Include="source\src\LowRenderer\Gizmo\Gizmo.cpp">
      <Filter>Fichiers sources</Filter>
    </ClCompile>
    <ClCompile Include="source\src\LowRenderer\Gizmo\GizmoCollider\SphereGizmoCollider.cpp">
      <Filter>Fichiers sources</Filter>
    </ClCompile>
  </ItemGroup>
  <ItemGroup>
    <Library Include="source\src\External\lib\glfw3.lib" />
  </ItemGroup>
  <ItemGroup>
    <Image Include="assets\cube_maps\skybox\SkySkybox\back.jpg">
      <Filter>Fichiers de ressources</Filter>
    </Image>
    <Image Include="assets\cube_maps\skybox\SkySkybox\bottom.jpg">
      <Filter>Fichiers de ressources</Filter>
    </Image>
    <Image Include="assets\cube_maps\skybox\SkySkybox\front.jpg">
      <Filter>Fichiers de ressources</Filter>
    </Image>
    <Image Include="assets\cube_maps\skybox\SkySkybox\left.jpg">
      <Filter>Fichiers de ressources</Filter>
    </Image>
    <Image Include="assets\cube_maps\skybox\SkySkybox\right.jpg">
      <Filter>Fichiers de ressources</Filter>
    </Image>
    <Image Include="assets\cube_maps\skybox\SkySkybox\top.jpg">
      <Filter>Fichiers de ressources</Filter>
    </Image>
    <Image Include="assets\cube_maps\skybox\SpaceSkyBox\bkg1_back.png">
      <Filter>Fichiers de ressources</Filter>
    </Image>
    <Image Include="assets\cube_maps\skybox\SpaceSkyBox\bkg1_bottom.png">
      <Filter>Fichiers de ressources</Filter>
    </Image>
    <Image Include="assets\cube_maps\skybox\SpaceSkyBox\bkg1_left.png">
      <Filter>Fichiers de ressources</Filter>
    </Image>
    <Image Include="assets\cube_maps\skybox\SpaceSkyBox\bkg1_top.png">
      <Filter>Fichiers de ressources</Filter>
    </Image>
    <Image Include="assets\cube_maps\skybox\SpaceSkyBox\bkg1_right.png">
      <Filter>Fichiers de ressources</Filter>
    </Image>
    <Image Include="assets\cube_maps\skybox\SpaceSkyBox\bkg1_front.png">
      <Filter>Fichiers de ressources</Filter>
    </Image>
  </ItemGroup>
</Project>